// !$*UTF8*$!
{
	archiveVersion = 1;
	classes = {
	};
	objectVersion = 77;
	objects = {

/* Begin PBXBuildFile section */
		FA53484C2E56372E004F2A3B /* SwiftSoup in Frameworks */ = {isa = PBXBuildFile; productRef = FA53484B2E56372E004F2A3B /* SwiftSoup */; };
/* End PBXBuildFile section */

/* Begin PBXContainerItemProxy section */
		FA5347372E53C9CA004F2A3B /* PBXContainerItemProxy */ = {
			isa = PBXContainerItemProxy;
			containerPortal = FA5347212E53C9C8004F2A3B /* Project object */;
			proxyType = 1;
			remoteGlobalIDString = FA5347282E53C9C8004F2A3B;
			remoteInfo = Readmate;
		};
		FA5347412E53C9CA004F2A3B /* PBXContainerItemProxy */ = {
			isa = PBXContainerItemProxy;
			containerPortal = FA5347212E53C9C8004F2A3B /* Project object */;
			proxyType = 1;
			remoteGlobalIDString = FA5347282E53C9C8004F2A3B;
			remoteInfo = Readmate;
		};
/* End PBXContainerItemProxy section */

/* Begin PBXFileReference section */
		FA5347292E53C9C8004F2A3B /* Readmate.app */ = {isa = PBXFileReference; explicitFileType = wrapper.application; includeInIndex = 0; path = Readmate.app; sourceTree = BUILT_PRODUCTS_DIR; };
		FA5347362E53C9CA004F2A3B /* ReadmateTests.xctest */ = {isa = PBXFileReference; explicitFileType = wrapper.cfbundle; includeInIndex = 0; path = ReadmateTests.xctest; sourceTree = BUILT_PRODUCTS_DIR; };
		FA5347402E53C9CA004F2A3B /* ReadmateUITests.xctest */ = {isa = PBXFileReference; explicitFileType = wrapper.cfbundle; includeInIndex = 0; path = ReadmateUITests.xctest; sourceTree = BUILT_PRODUCTS_DIR; };
/* End PBXFileReference section */

/* Begin PBXFileSystemSynchronizedRootGroup section */
		FA53472B2E53C9C8004F2A3B /* Readmate */ = {
			isa = PBXFileSystemSynchronizedRootGroup;
			path = Readmate;
			sourceTree = "<group>";
		};
		FA5347392E53C9CA004F2A3B /* ReadmateTests */ = {
			isa = PBXFileSystemSynchronizedRootGroup;
			path = ReadmateTests;
			sourceTree = "<group>";
		};
		FA5347432E53C9CA004F2A3B /* ReadmateUITests */ = {
			isa = PBXFileSystemSynchronizedRootGroup;
			path = ReadmateUITests;
			sourceTree = "<group>";
		};
/* End PBXFileSystemSynchronizedRootGroup section */

/* Begin PBXFrameworksBuildPhase section */
		FA5347262E53C9C8004F2A3B /* Frameworks */ = {
			isa = PBXFrameworksBuildPhase;
			buildActionMask = 2147483647;
			files = (
				FA53484C2E56372E004F2A3B /* SwiftSoup in Frameworks */,
			);
			runOnlyForDeploymentPostprocessing = 0;
		};
		FA5347332E53C9CA004F2A3B /* Frameworks */ = {
			isa = PBXFrameworksBuildPhase;
			buildActionMask = 2147483647;
			files = (
			);
			runOnlyForDeploymentPostprocessing = 0;
		};
		FA53473D2E53C9CA004F2A3B /* Frameworks */ = {
			isa = PBXFrameworksBuildPhase;
			buildActionMask = 2147483647;
			files = (
			);
			runOnlyForDeploymentPostprocessing = 0;
		};
/* End PBXFrameworksBuildPhase section */

/* Begin PBXGroup section */
		FA5347202E53C9C8004F2A3B = {
			isa = PBXGroup;
			children = (
				FA53472B2E53C9C8004F2A3B /* Readmate */,
				FA5347392E53C9CA004F2A3B /* ReadmateTests */,
				FA5347432E53C9CA004F2A3B /* ReadmateUITests */,
				FA53484A2E563721004F2A3B /* Frameworks */,
				FA53472A2E53C9C8004F2A3B /* Products */,
			);
			sourceTree = "<group>";
		};
		FA53472A2E53C9C8004F2A3B /* Products */ = {
			isa = PBXGroup;
			children = (
				FA5347292E53C9C8004F2A3B /* Readmate.app */,
				FA5347362E53C9CA004F2A3B /* ReadmateTests.xctest */,
				FA5347402E53C9CA004F2A3B /* ReadmateUITests.xctest */,
			);
			name = Products;
			sourceTree = "<group>";
		};
		FA53484A2E563721004F2A3B /* Frameworks */ = {
			isa = PBXGroup;
			children = (
			);
			name = Frameworks;
			sourceTree = "<group>";
		};
/* End PBXGroup section */

/* Begin PBXNativeTarget section */
		FA5347282E53C9C8004F2A3B /* Readmate */ = {
			isa = PBXNativeTarget;
			buildConfigurationList = FA53474A2E53C9CA004F2A3B /* Build configuration list for PBXNativeTarget "Readmate" */;
			buildPhases = (
				FA5347252E53C9C8004F2A3B /* Sources */,
				FA5347262E53C9C8004F2A3B /* Frameworks */,
				FA5347272E53C9C8004F2A3B /* Resources */,
			);
			buildRules = (
			);
			dependencies = (
			);
			fileSystemSynchronizedGroups = (
				FA53472B2E53C9C8004F2A3B /* Readmate */,
			);
			name = Readmate;
			packageProductDependencies = (
				FA53484B2E56372E004F2A3B /* SwiftSoup */,
			);
			productName = Readmate;
			productReference = FA5347292E53C9C8004F2A3B /* Readmate.app */;
			productType = "com.apple.product-type.application";
		};
		FA5347352E53C9CA004F2A3B /* ReadmateTests */ = {
			isa = PBXNativeTarget;
			buildConfigurationList = FA53474D2E53C9CA004F2A3B /* Build configuration list for PBXNativeTarget "ReadmateTests" */;
			buildPhases = (
				FA5347322E53C9CA004F2A3B /* Sources */,
				FA5347332E53C9CA004F2A3B /* Frameworks */,
				FA5347342E53C9CA004F2A3B /* Resources */,
			);
			buildRules = (
			);
			dependencies = (
				FA5347382E53C9CA004F2A3B /* PBXTargetDependency */,
			);
			fileSystemSynchronizedGroups = (
				FA5347392E53C9CA004F2A3B /* ReadmateTests */,
			);
			name = ReadmateTests;
			packageProductDependencies = (
			);
			productName = ReadmateTests;
			productReference = FA5347362E53C9CA004F2A3B /* ReadmateTests.xctest */;
			productType = "com.apple.product-type.bundle.unit-test";
		};
		FA53473F2E53C9CA004F2A3B /* ReadmateUITests */ = {
			isa = PBXNativeTarget;
			buildConfigurationList = FA5347502E53C9CA004F2A3B /* Build configuration list for PBXNativeTarget "ReadmateUITests" */;
			buildPhases = (
				FA53473C2E53C9CA004F2A3B /* Sources */,
				FA53473D2E53C9CA004F2A3B /* Frameworks */,
				FA53473E2E53C9CA004F2A3B /* Resources */,
			);
			buildRules = (
			);
			dependencies = (
				FA5347422E53C9CA004F2A3B /* PBXTargetDependency */,
			);
			fileSystemSynchronizedGroups = (
				FA5347432E53C9CA004F2A3B /* ReadmateUITests */,
			);
			name = ReadmateUITests;
			packageProductDependencies = (
			);
			productName = ReadmateUITests;
			productReference = FA5347402E53C9CA004F2A3B /* ReadmateUITests.xctest */;
			productType = "com.apple.product-type.bundle.ui-testing";
		};
/* End PBXNativeTarget section */

/* Begin PBXProject section */
		FA5347212E53C9C8004F2A3B /* Project object */ = {
			isa = PBXProject;
			attributes = {
				BuildIndependentTargetsInParallel = 1;
				LastSwiftUpdateCheck = 1640;
				LastUpgradeCheck = 1640;
				TargetAttributes = {
					FA5347282E53C9C8004F2A3B = {
						CreatedOnToolsVersion = 16.4;
					};
					FA5347352E53C9CA004F2A3B = {
						CreatedOnToolsVersion = 16.4;
						TestTargetID = FA5347282E53C9C8004F2A3B;
					};
					FA53473F2E53C9CA004F2A3B = {
						CreatedOnToolsVersion = 16.4;
						TestTargetID = FA5347282E53C9C8004F2A3B;
					};
				};
			};
			buildConfigurationList = FA5347242E53C9C8004F2A3B /* Build configuration list for PBXProject "Readmate" */;
			developmentRegion = en;
			hasScannedForEncodings = 0;
			knownRegions = (
				en,
				Base,
			);
			mainGroup = FA5347202E53C9C8004F2A3B;
			minimizedProjectReferenceProxies = 1;
			packageReferences = (
				FA5348472E562A1A004F2A3B /* XCRemoteSwiftPackageReference "SwiftSoup" */,
			);
			preferredProjectObjectVersion = 77;
			productRefGroup = FA53472A2E53C9C8004F2A3B /* Products */;
			projectDirPath = "";
			projectRoot = "";
			targets = (
				FA5347282E53C9C8004F2A3B /* Readmate */,
				FA5347352E53C9CA004F2A3B /* ReadmateTests */,
				FA53473F2E53C9CA004F2A3B /* ReadmateUITests */,
			);
		};
/* End PBXProject section */

/* Begin PBXResourcesBuildPhase section */
		FA5347272E53C9C8004F2A3B /* Resources */ = {
			isa = PBXResourcesBuildPhase;
			buildActionMask = 2147483647;
			files = (
			);
			runOnlyForDeploymentPostprocessing = 0;
		};
		FA5347342E53C9CA004F2A3B /* Resources */ = {
			isa = PBXResourcesBuildPhase;
			buildActionMask = 2147483647;
			files = (
			);
			runOnlyForDeploymentPostprocessing = 0;
		};
		FA53473E2E53C9CA004F2A3B /* Resources */ = {
			isa = PBXResourcesBuildPhase;
			buildActionMask = 2147483647;
			files = (
			);
			runOnlyForDeploymentPostprocessing = 0;
		};
/* End PBXResourcesBuildPhase section */

/* Begin PBXSourcesBuildPhase section */
		FA5347252E53C9C8004F2A3B /* Sources */ = {
			isa = PBXSourcesBuildPhase;
			buildActionMask = 2147483647;
			files = (
			);
			runOnlyForDeploymentPostprocessing = 0;
		};
		FA5347322E53C9CA004F2A3B /* Sources */ = {
			isa = PBXSourcesBuildPhase;
			buildActionMask = 2147483647;
			files = (
			);
			runOnlyForDeploymentPostprocessing = 0;
		};
		FA53473C2E53C9CA004F2A3B /* Sources */ = {
			isa = PBXSourcesBuildPhase;
			buildActionMask = 2147483647;
			files = (
			);
			runOnlyForDeploymentPostprocessing = 0;
		};
/* End PBXSourcesBuildPhase section */

/* Begin PBXTargetDependency section */
		FA5347382E53C9CA004F2A3B /* PBXTargetDependency */ = {
			isa = PBXTargetDependency;
			target = FA5347282E53C9C8004F2A3B /* Readmate */;
			targetProxy = FA5347372E53C9CA004F2A3B /* PBXContainerItemProxy */;
		};
		FA5347422E53C9CA004F2A3B /* PBXTargetDependency */ = {
			isa = PBXTargetDependency;
			target = FA5347282E53C9C8004F2A3B /* Readmate */;
			targetProxy = FA5347412E53C9CA004F2A3B /* PBXContainerItemProxy */;
		};
/* End PBXTargetDependency section */

/* Begin XCBuildConfiguration section */
		FA5347482E53C9CA004F2A3B /* Debug */ = {
			isa = XCBuildConfiguration;
			buildSettings = {
				ALWAYS_SEARCH_USER_PATHS = NO;
				ASSETCATALOG_COMPILER_GENERATE_SWIFT_ASSET_SYMBOL_EXTENSIONS = YES;
				CLANG_ANALYZER_NONNULL = YES;
				CLANG_ANALYZER_NUMBER_OBJECT_CONVERSION = YES_AGGRESSIVE;
				CLANG_CXX_LANGUAGE_STANDARD = "gnu++20";
				CLANG_ENABLE_MODULES = YES;
				CLANG_ENABLE_OBJC_ARC = YES;
				CLANG_ENABLE_OBJC_WEAK = YES;
				CLANG_WARN_BLOCK_CAPTURE_AUTORELEASING = YES;
				CLANG_WARN_BOOL_CONVERSION = YES;
				CLANG_WARN_COMMA = YES;
				CLANG_WARN_CONSTANT_CONVERSION = YES;
				CLANG_WARN_DEPRECATED_OBJC_IMPLEMENTATIONS = YES;
				CLANG_WARN_DIRECT_OBJC_ISA_USAGE = YES_ERROR;
				CLANG_WARN_DOCUMENTATION_COMMENTS = YES;
				CLANG_WARN_EMPTY_BODY = YES;
				CLANG_WARN_ENUM_CONVERSION = YES;
				CLANG_WARN_INFINITE_RECURSION = YES;
				CLANG_WARN_INT_CONVERSION = YES;
				CLANG_WARN_NON_LITERAL_NULL_CONVERSION = YES;
				CLANG_WARN_OBJC_IMPLICIT_RETAIN_SELF = YES;
				CLANG_WARN_OBJC_LITERAL_CONVERSION = YES;
				CLANG_WARN_OBJC_ROOT_CLASS = YES_ERROR;
				CLANG_WARN_QUOTED_INCLUDE_IN_FRAMEWORK_HEADER = YES;
				CLANG_WARN_RANGE_LOOP_ANALYSIS = YES;
				CLANG_WARN_STRICT_PROTOTYPES = YES;
				CLANG_WARN_SUSPICIOUS_MOVE = YES;
				CLANG_WARN_UNGUARDED_AVAILABILITY = YES_AGGRESSIVE;
				CLANG_WARN_UNREACHABLE_CODE = YES;
				CLANG_WARN__DUPLICATE_METHOD_MATCH = YES;
				COPY_PHASE_STRIP = NO;
				DEBUG_INFORMATION_FORMAT = dwarf;
				DEVELOPMENT_TEAM = RTVAL5BB98;
				ENABLE_STRICT_OBJC_MSGSEND = YES;
				ENABLE_TESTABILITY = YES;
				ENABLE_USER_SCRIPT_SANDBOXING = YES;
				GCC_C_LANGUAGE_STANDARD = gnu17;
				GCC_DYNAMIC_NO_PIC = NO;
				GCC_NO_COMMON_BLOCKS = YES;
				GCC_OPTIMIZATION_LEVEL = 0;
				GCC_PREPROCESSOR_DEFINITIONS = (
					"DEBUG=1",
					"$(inherited)",
				);
				GCC_WARN_64_TO_32_BIT_CONVERSION = YES;
				GCC_WARN_ABOUT_RETURN_TYPE = YES_ERROR;
				GCC_WARN_UNDECLARED_SELECTOR = YES;
				GCC_WARN_UNINITIALIZED_AUTOS = YES_AGGRESSIVE;
				GCC_WARN_UNUSED_FUNCTION = YES;
				GCC_WARN_UNUSED_VARIABLE = YES;
				IPHONEOS_DEPLOYMENT_TARGET = 18.5;
				LOCALIZATION_PREFERS_STRING_CATALOGS = YES;
				MTL_ENABLE_DEBUG_INFO = INCLUDE_SOURCE;
				MTL_FAST_MATH = YES;
				ONLY_ACTIVE_ARCH = YES;
				SDKROOT = iphoneos;
				SWIFT_ACTIVE_COMPILATION_CONDITIONS = "DEBUG $(inherited)";
				SWIFT_OPTIMIZATION_LEVEL = "-Onone";
			};
			name = Debug;
		};
		FA5347492E53C9CA004F2A3B /* Release */ = {
			isa = XCBuildConfiguration;
			buildSettings = {
				ALWAYS_SEARCH_USER_PATHS = NO;
				ASSETCATALOG_COMPILER_GENERATE_SWIFT_ASSET_SYMBOL_EXTENSIONS = YES;
				CLANG_ANALYZER_NONNULL = YES;
				CLANG_ANALYZER_NUMBER_OBJECT_CONVERSION = YES_AGGRESSIVE;
				CLANG_CXX_LANGUAGE_STANDARD = "gnu++20";
				CLANG_ENABLE_MODULES = YES;
				CLANG_ENABLE_OBJC_ARC = YES;
				CLANG_ENABLE_OBJC_WEAK = YES;
				CLANG_WARN_BLOCK_CAPTURE_AUTORELEASING = YES;
				CLANG_WARN_BOOL_CONVERSION = YES;
				CLANG_WARN_COMMA = YES;
				CLANG_WARN_CONSTANT_CONVERSION = YES;
				CLANG_WARN_DEPRECATED_OBJC_IMPLEMENTATIONS = YES;
				CLANG_WARN_DIRECT_OBJC_ISA_USAGE = YES_ERROR;
				CLANG_WARN_DOCUMENTATION_COMMENTS = YES;
				CLANG_WARN_EMPTY_BODY = YES;
				CLANG_WARN_ENUM_CONVERSION = YES;
				CLANG_WARN_INFINITE_RECURSION = YES;
				CLANG_WARN_INT_CONVERSION = YES;
				CLANG_WARN_NON_LITERAL_NULL_CONVERSION = YES;
				CLANG_WARN_OBJC_IMPLICIT_RETAIN_SELF = YES;
				CLANG_WARN_OBJC_LITERAL_CONVERSION = YES;
				CLANG_WARN_OBJC_ROOT_CLASS = YES_ERROR;
				CLANG_WARN_QUOTED_INCLUDE_IN_FRAMEWORK_HEADER = YES;
				CLANG_WARN_RANGE_LOOP_ANALYSIS = YES;
				CLANG_WARN_STRICT_PROTOTYPES = YES;
				CLANG_WARN_SUSPICIOUS_MOVE = YES;
				CLANG_WARN_UNGUARDED_AVAILABILITY = YES_AGGRESSIVE;
				CLANG_WARN_UNREACHABLE_CODE = YES;
				CLANG_WARN__DUPLICATE_METHOD_MATCH = YES;
				COPY_PHASE_STRIP = NO;
				DEBUG_INFORMATION_FORMAT = "dwarf-with-dsym";
				DEVELOPMENT_TEAM = RTVAL5BB98;
				ENABLE_NS_ASSERTIONS = NO;
				ENABLE_STRICT_OBJC_MSGSEND = YES;
				ENABLE_USER_SCRIPT_SANDBOXING = YES;
				GCC_C_LANGUAGE_STANDARD = gnu17;
				GCC_NO_COMMON_BLOCKS = YES;
				GCC_WARN_64_TO_32_BIT_CONVERSION = YES;
				GCC_WARN_ABOUT_RETURN_TYPE = YES_ERROR;
				GCC_WARN_UNDECLARED_SELECTOR = YES;
				GCC_WARN_UNINITIALIZED_AUTOS = YES_AGGRESSIVE;
				GCC_WARN_UNUSED_FUNCTION = YES;
				GCC_WARN_UNUSED_VARIABLE = YES;
				IPHONEOS_DEPLOYMENT_TARGET = 18.5;
				LOCALIZATION_PREFERS_STRING_CATALOGS = YES;
				MTL_ENABLE_DEBUG_INFO = NO;
				MTL_FAST_MATH = YES;
				SDKROOT = iphoneos;
				SWIFT_COMPILATION_MODE = wholemodule;
				VALIDATE_PRODUCT = YES;
			};
			name = Release;
		};
		FA53474B2E53C9CA004F2A3B /* Debug */ = {
			isa = XCBuildConfiguration;
			buildSettings = {
				ASSETCATALOG_COMPILER_APPICON_NAME = AppIcon;
				ASSETCATALOG_COMPILER_GLOBAL_ACCENT_COLOR_NAME = AccentColor;
				CODE_SIGN_STYLE = Automatic;
				CURRENT_PROJECT_VERSION = 1;
				DEVELOPMENT_TEAM = RTVAL5BB98;
				ENABLE_PREVIEWS = YES;
				GENERATE_INFOPLIST_FILE = YES;
				INFOPLIST_KEY_NSCameraUsageDescription = "$(PRODUCT_NAME) Need Camera Access For File Upload So User Can Read ";
				INFOPLIST_KEY_UIApplicationSceneManifest_Generation = YES;
				INFOPLIST_KEY_UIApplicationSupportsIndirectInputEvents = YES;
				INFOPLIST_KEY_UILaunchScreen_Generation = YES;
				INFOPLIST_KEY_UISupportedInterfaceOrientations_iPad = "UIInterfaceOrientationPortrait UIInterfaceOrientationPortraitUpsideDown UIInterfaceOrientationLandscapeLeft UIInterfaceOrientationLandscapeRight";
				INFOPLIST_KEY_UISupportedInterfaceOrientations_iPhone = "UIInterfaceOrientationPortrait UIInterfaceOrientationLandscapeLeft UIInterfaceOrientationLandscapeRight";
				LD_RUNPATH_SEARCH_PATHS = (
					"$(inherited)",
					"@executable_path/Frameworks",
				);
				MARKETING_VERSION = 1.0;
				PRODUCT_BUNDLE_IDENTIFIER = test1.Readmate;
				PRODUCT_NAME = "$(TARGET_NAME)";
				SWIFT_EMIT_LOC_STRINGS = YES;
				SWIFT_VERSION = 5.0;
				TARGETED_DEVICE_FAMILY = "1,2";
			};
			name = Debug;
		};
		FA53474C2E53C9CA004F2A3B /* Release */ = {
			isa = XCBuildConfiguration;
			buildSettings = {
				ASSETCATALOG_COMPILER_APPICON_NAME = AppIcon;
				ASSETCATALOG_COMPILER_GLOBAL_ACCENT_COLOR_NAME = AccentColor;
				CODE_SIGN_STYLE = Automatic;
				CURRENT_PROJECT_VERSION = 1;
				DEVELOPMENT_TEAM = RTVAL5BB98;
				ENABLE_PREVIEWS = YES;
				GENERATE_INFOPLIST_FILE = YES;
				INFOPLIST_KEY_NSCameraUsageDescription = "$(PRODUCT_NAME) Need Camera Access For File Upload So User Can Read ";
				INFOPLIST_KEY_UIApplicationSceneManifest_Generation = YES;
				INFOPLIST_KEY_UIApplicationSupportsIndirectInputEvents = YES;
				INFOPLIST_KEY_UILaunchScreen_Generation = YES;
				INFOPLIST_KEY_UISupportedInterfaceOrientations_iPad = "UIInterfaceOrientationPortrait UIInterfaceOrientationPortraitUpsideDown UIInterfaceOrientationLandscapeLeft UIInterfaceOrientationLandscapeRight";
				INFOPLIST_KEY_UISupportedInterfaceOrientations_iPhone = "UIInterfaceOrientationPortrait UIInterfaceOrientationLandscapeLeft UIInterfaceOrientationLandscapeRight";
				LD_RUNPATH_SEARCH_PATHS = (
					"$(inherited)",
					"@executable_path/Frameworks",
				);
				MARKETING_VERSION = 1.0;
				PRODUCT_BUNDLE_IDENTIFIER = test1.Readmate;
				PRODUCT_NAME = "$(TARGET_NAME)";
				SWIFT_EMIT_LOC_STRINGS = YES;
				SWIFT_VERSION = 5.0;
				TARGETED_DEVICE_FAMILY = "1,2";
			};
			name = Release;
		};
		FA53474E2E53C9CA004F2A3B /* Debug */ = {
			isa = XCBuildConfiguration;
			buildSettings = {
				BUNDLE_LOADER = "$(TEST_HOST)";
				CODE_SIGN_STYLE = Automatic;
				CURRENT_PROJECT_VERSION = 1;
				DEVELOPMENT_TEAM = RTVAL5BB98;
				GENERATE_INFOPLIST_FILE = YES;
				IPHONEOS_DEPLOYMENT_TARGET = 18.5;
				MARKETING_VERSION = 1.0;
				PRODUCT_BUNDLE_IDENTIFIER = test1.ReadmateTests;
				PRODUCT_NAME = "$(TARGET_NAME)";
				SWIFT_EMIT_LOC_STRINGS = NO;
				SWIFT_VERSION = 5.0;
				TARGETED_DEVICE_FAMILY = "1,2";
				TEST_HOST = "$(BUILT_PRODUCTS_DIR)/Readmate.app/$(BUNDLE_EXECUTABLE_FOLDER_PATH)/Readmate";
			};
			name = Debug;
		};
		FA53474F2E53C9CA004F2A3B /* Release */ = {
			isa = XCBuildConfiguration;
			buildSettings = {
				BUNDLE_LOADER = "$(TEST_HOST)";
				CODE_SIGN_STYLE = Automatic;
				CURRENT_PROJECT_VERSION = 1;
				DEVELOPMENT_TEAM = RTVAL5BB98;
				GENERATE_INFOPLIST_FILE = YES;
				IPHONEOS_DEPLOYMENT_TARGET = 18.5;
				MARKETING_VERSION = 1.0;
				PRODUCT_BUNDLE_IDENTIFIER = test1.ReadmateTests;
				PRODUCT_NAME = "$(TARGET_NAME)";
				SWIFT_EMIT_LOC_STRINGS = NO;
				SWIFT_VERSION = 5.0;
				TARGETED_DEVICE_FAMILY = "1,2";
				TEST_HOST = "$(BUILT_PRODUCTS_DIR)/Readmate.app/$(BUNDLE_EXECUTABLE_FOLDER_PATH)/Readmate";
			};
			name = Release;
		};
		FA5347512E53C9CA004F2A3B /* Debug */ = {
			isa = XCBuildConfiguration;
			buildSettings = {
				CODE_SIGN_STYLE = Automatic;
				CURRENT_PROJECT_VERSION = 1;
				DEVELOPMENT_TEAM = RTVAL5BB98;
				GENERATE_INFOPLIST_FILE = YES;
				MARKETING_VERSION = 1.0;
				PRODUCT_BUNDLE_IDENTIFIER = test1.ReadmateUITests;
				PRODUCT_NAME = "$(TARGET_NAME)";
				SWIFT_EMIT_LOC_STRINGS = NO;
				SWIFT_VERSION = 5.0;
				TARGETED_DEVICE_FAMILY = "1,2";
				TEST_TARGET_NAME = Readmate;
			};
			name = Debug;
		};
		FA5347522E53C9CA004F2A3B /* Release */ = {
			isa = XCBuildConfiguration;
			buildSettings = {
				CODE_SIGN_STYLE = Automatic;
				CURRENT_PROJECT_VERSION = 1;
				DEVELOPMENT_TEAM = RTVAL5BB98;
				GENERATE_INFOPLIST_FILE = YES;
				MARKETING_VERSION = 1.0;
				PRODUCT_BUNDLE_IDENTIFIER = test1.ReadmateUITests;
				PRODUCT_NAME = "$(TARGET_NAME)";
				SWIFT_EMIT_LOC_STRINGS = NO;
				SWIFT_VERSION = 5.0;
				TARGETED_DEVICE_FAMILY = "1,2";
				TEST_TARGET_NAME = Readmate;
			};
			name = Release;
		};
/* End XCBuildConfiguration section */

/* Begin XCConfigurationList section */
		FA5347242E53C9C8004F2A3B /* Build configuration list for PBXProject "Readmate" */ = {
			isa = XCConfigurationList;
			buildConfigurations = (
				FA5347482E53C9CA004F2A3B /* Debug */,
				FA5347492E53C9CA004F2A3B /* Release */,
			);
			defaultConfigurationIsVisible = 0;
			defaultConfigurationName = Release;
		};
		FA53474A2E53C9CA004F2A3B /* Build configuration list for PBXNativeTarget "Readmate" */ = {
			isa = XCConfigurationList;
			buildConfigurations = (
				FA53474B2E53C9CA004F2A3B /* Debug */,
				FA53474C2E53C9CA004F2A3B /* Release */,
			);
			defaultConfigurationIsVisible = 0;
			defaultConfigurationName = Release;
		};
		FA53474D2E53C9CA004F2A3B /* Build configuration list for PBXNativeTarget "ReadmateTests" */ = {
			isa = XCConfigurationList;
			buildConfigurations = (
				FA53474E2E53C9CA004F2A3B /* Debug */,
				FA53474F2E53C9CA004F2A3B /* Release */,
			);
			defaultConfigurationIsVisible = 0;
			defaultConfigurationName = Release;
		};
		FA5347502E53C9CA004F2A3B /* Build configuration list for PBXNativeTarget "ReadmateUITests" */ = {
			isa = XCConfigurationList;
			buildConfigurations = (
				FA5347512E53C9CA004F2A3B /* Debug */,
				FA5347522E53C9CA004F2A3B /* Release */,
			);
			defaultConfigurationIsVisible = 0;
			defaultConfigurationName = Release;
		};
/* End XCConfigurationList section */

/* Begin XCRemoteSwiftPackageReference section */
		FA5348472E562A1A004F2A3B /* XCRemoteSwiftPackageReference "SwiftSoup" */ = {
			isa = XCRemoteSwiftPackageReference;
			repositoryURL = "https://github.com/scinfu/SwiftSoup.git";
			requirement = {
				kind = upToNextMajorVersion;
				minimumVersion = 2.10.3;
			};
		};
/* End XCRemoteSwiftPackageReference section */

/* Begin XCSwiftPackageProductDependency section */
		FA53484B2E56372E004F2A3B /* SwiftSoup */ = {
			isa = XCSwiftPackageProductDependency;
			package = FA5348472E562A1A004F2A3B /* XCRemoteSwiftPackageReference "SwiftSoup" */;
			productName = SwiftSoup;
		};
/* End XCSwiftPackageProductDependency section */
	};
	rootObject = FA5347212E53C9C8004F2A3B /* Project object */;
}
